
Microsoft Visual Studio Solution File, Format Version 12.00
# Visual Studio 14
VisualStudioVersion = 14.0.23107.0
MinimumVisualStudioVersion = 10.0.40219.1
Project("{FAE04EC0-301F-11D3-BF4B-00C04F79EFBC}") = "AndroidStepsView", "AndroidStepsView\AndroidStepsView.csproj", "{7ACD596C-7D39-4ACE-8E7D-3DD947FB4A51}"
EndProject
Project("{FAE04EC0-301F-11D3-BF4B-00C04F79EFBC}") = "AndroidStepsViewSample", "AndroidStepsViewSample\AndroidStepsViewSample.csproj", "{ECD25983-2DE5-40FA-B07A-5C9415FD940E}"
EndProject
Global
	GlobalSection(SolutionConfigurationPlatforms) = preSolution
		Debug|Any CPU = Debug|Any CPU
		Release|Any CPU = Release|Any CPU
	EndGlobalSection
	GlobalSection(ProjectConfigurationPlatforms) = postSolution
		{7ACD596C-7D39-4ACE-8E7D-3DD947FB4A51}.Debug|Any CPU.ActiveCfg = Debug|Any CPU
		{7ACD596C-7D39-4ACE-8E7D-3DD947FB4A51}.Debug|Any CPU.Build.0 = Debug|Any CPU
		{7ACD596C-7D39-4ACE-8E7D-3DD947FB4A51}.Release|Any CPU.ActiveCfg = Release|Any CPU
		{7ACD596C-7D39-4ACE-8E7D-3DD947FB4A51}.Release|Any CPU.Build.0 = Release|Any CPU
		{ECD25983-2DE5-40FA-B07A-5C9415FD940E}.Debug|Any CPU.ActiveCfg = Debug|Any CPU
		{ECD25983-2DE5-40FA-B07A-5C9415FD940E}.Debug|Any CPU.Build.0 = Debug|Any CPU
		{ECD25983-2DE5-40FA-B07A-5C9415FD940E}.Debug|Any CPU.Deploy.0 = Debug|Any CPU
		{ECD25983-2DE5-40FA-B07A-5C9415FD940E}.Release|Any CPU.ActiveCfg = Release|Any CPU
		{ECD25983-2DE5-40FA-B07A-5C9415FD940E}.Release|Any CPU.Build.0 = Release|Any CPU
		{ECD25983-2DE5-40FA-B07A-5C9415FD940E}.Release|Any CPU.Deploy.0 = Release|Any CPU
	EndGlobalSection
	GlobalSection(SolutionProperties) = preSolution
		HideSolutionNode = FALSE
	EndGlobalSection
EndGlobal
